
Microsoft Visual Studio Solution File, Format Version 12.00
# Visual Studio Version 16
VisualStudioVersion = 16.0.31019.35
MinimumVisualStudioVersion = 10.0.40219.1
Project("{2150E333-8FDC-42A3-9474-1A3956D46DE8}") = "src", "src", "{E072DC40-1E7A-4260-8E6B-C78F0117E9A9}"
EndProject
Project("{9A19103F-16F7-4668-BE54-9A1E7A4F7556}") = "Domain", "src\Domain\Domain.csproj", "{CA90C732-2A15-4C91-8AB4-E869B7651B71}"
EndProject
Project("{9A19103F-16F7-4668-BE54-9A1E7A4F7556}") = "Application", "src\Application\Application.csproj", "{EBE060E9-BF03-41C9-AF23-F7F58D7B6577}"
EndProject
Project("{9A19103F-16F7-4668-BE54-9A1E7A4F7556}") = "Infrastructure", "src\Infrastructure\Infrastructure.csproj", "{2D0D2A47-282F-440A-904E-750A916CB31E}"
EndProject
Project("{FAE04EC0-301F-11D3-BF4B-00C04F79EFBC}") = "Hosting", "src\Hosting\Hosting.csproj", "{E15A3110-2FF8-4E9F-B1B9-BF2573B85AE5}"
EndProject
Project("{2150E333-8FDC-42A3-9474-1A3956D46DE8}") = "tests", "tests", "{9378E321-FBD4-410A-8C1F-2CA84F74859F}"
EndProject
Project("{2150E333-8FDC-42A3-9474-1A3956D46DE8}") = "example", "example", "{359031E2-42AD-466B-8538-A199E90AAF40}"
EndProject
Global
	GlobalSection(SolutionConfigurationPlatforms) = preSolution
		Debug|Any CPU = Debug|Any CPU
		Release|Any CPU = Release|Any CPU
	EndGlobalSection
	GlobalSection(ProjectConfigurationPlatforms) = postSolution
		{CA90C732-2A15-4C91-8AB4-E869B7651B71}.Debug|Any CPU.ActiveCfg = Debug|Any CPU
		{CA90C732-2A15-4C91-8AB4-E869B7651B71}.Debug|Any CPU.Build.0 = Debug|Any CPU
		{CA90C732-2A15-4C91-8AB4-E869B7651B71}.Release|Any CPU.ActiveCfg = Release|Any CPU
		{CA90C732-2A15-4C91-8AB4-E869B7651B71}.Release|Any CPU.Build.0 = Release|Any CPU
		{EBE060E9-BF03-41C9-AF23-F7F58D7B6577}.Debug|Any CPU.ActiveCfg = Debug|Any CPU
		{EBE060E9-BF03-41C9-AF23-F7F58D7B6577}.Debug|Any CPU.Build.0 = Debug|Any CPU
		{EBE060E9-BF03-41C9-AF23-F7F58D7B6577}.Release|Any CPU.ActiveCfg = Release|Any CPU
		{EBE060E9-BF03-41C9-AF23-F7F58D7B6577}.Release|Any CPU.Build.0 = Release|Any CPU
		{2D0D2A47-282F-440A-904E-750A916CB31E}.Debug|Any CPU.ActiveCfg = Debug|Any CPU
		{2D0D2A47-282F-440A-904E-750A916CB31E}.Debug|Any CPU.Build.0 = Debug|Any CPU
		{2D0D2A47-282F-440A-904E-750A916CB31E}.Release|Any CPU.ActiveCfg = Release|Any CPU
		{2D0D2A47-282F-440A-904E-750A916CB31E}.Release|Any CPU.Build.0 = Release|Any CPU
		{E15A3110-2FF8-4E9F-B1B9-BF2573B85AE5}.Debug|Any CPU.ActiveCfg = Debug|Any CPU
		{E15A3110-2FF8-4E9F-B1B9-BF2573B85AE5}.Debug|Any CPU.Build.0 = Debug|Any CPU
		{E15A3110-2FF8-4E9F-B1B9-BF2573B85AE5}.Release|Any CPU.ActiveCfg = Release|Any CPU
		{E15A3110-2FF8-4E9F-B1B9-BF2573B85AE5}.Release|Any CPU.Build.0 = Release|Any CPU
	EndGlobalSection
	GlobalSection(SolutionProperties) = preSolution
		HideSolutionNode = FALSE
	EndGlobalSection
	GlobalSection(NestedProjects) = preSolution
		{CA90C732-2A15-4C91-8AB4-E869B7651B71} = {E072DC40-1E7A-4260-8E6B-C78F0117E9A9}
		{EBE060E9-BF03-41C9-AF23-F7F58D7B6577} = {E072DC40-1E7A-4260-8E6B-C78F0117E9A9}
		{2D0D2A47-282F-440A-904E-750A916CB31E} = {E072DC40-1E7A-4260-8E6B-C78F0117E9A9}
		{E15A3110-2FF8-4E9F-B1B9-BF2573B85AE5} = {E072DC40-1E7A-4260-8E6B-C78F0117E9A9}
	EndGlobalSection
	GlobalSection(ExtensibilityGlobals) = postSolution
		SolutionGuid = {CD5A63E8-A7FA-42E9-A75E-5F279699E9A7}
	EndGlobalSection
EndGlobal
