
Microsoft Visual Studio Solution File, Format Version 12.00
# Visual Studio Version 16
VisualStudioVersion = 16.0.31019.35
MinimumVisualStudioVersion = 10.0.40219.1
Project("{2150E333-8FDC-42A3-9474-1A3956D46DE8}") = "src", "src", "{E072DC40-1E7A-4260-8E6B-C78F0117E9A9}"
EndProject
Project("{2150E333-8FDC-42A3-9474-1A3956D46DE8}") = "tests", "tests", "{9378E321-FBD4-410A-8C1F-2CA84F74859F}"
EndProject
Project("{2150E333-8FDC-42A3-9474-1A3956D46DE8}") = "example", "example", "{359031E2-42AD-466B-8538-A199E90AAF40}"
EndProject
Project("{9A19103F-16F7-4668-BE54-9A1E7A4F7556}") = "DaprCleanArchitecture.Domain", "src\DaprCleanArchitecture.Domain\DaprCleanArchitecture.Domain.csproj", "{70388523-A310-4F01-BE84-63E0530304C9}"
EndProject
Project("{9A19103F-16F7-4668-BE54-9A1E7A4F7556}") = "DaprCleanArchitecture.Application", "src\DaprCleanArchitecture.Application\DaprCleanArchitecture.Application.csproj", "{001A2B64-AAA6-4CA9-ABB7-D633BD0CF2CB}"
EndProject
Project("{9A19103F-16F7-4668-BE54-9A1E7A4F7556}") = "DaprCleanArchitecture.Infrastructure", "src\DaprCleanArchitecture.Infrastructure\DaprCleanArchitecture.Infrastructure.csproj", "{BC37CA47-A9E3-4CD8-A8E0-95A89DA36930}"
EndProject
Project("{9A19103F-16F7-4668-BE54-9A1E7A4F7556}") = "DaprCleanArchitecture.Hosting", "src\DaprCleanArchitecture.Hosting\DaprCleanArchitecture.Hosting.csproj", "{E61CF04A-DECD-47D1-877C-77245AB732BF}"
EndProject
Global
	GlobalSection(SolutionConfigurationPlatforms) = preSolution
		Debug|Any CPU = Debug|Any CPU
		Release|Any CPU = Release|Any CPU
	EndGlobalSection
	GlobalSection(ProjectConfigurationPlatforms) = postSolution
		{70388523-A310-4F01-BE84-63E0530304C9}.Debug|Any CPU.ActiveCfg = Debug|Any CPU
		{70388523-A310-4F01-BE84-63E0530304C9}.Debug|Any CPU.Build.0 = Debug|Any CPU
		{70388523-A310-4F01-BE84-63E0530304C9}.Release|Any CPU.ActiveCfg = Release|Any CPU
		{70388523-A310-4F01-BE84-63E0530304C9}.Release|Any CPU.Build.0 = Release|Any CPU
		{001A2B64-AAA6-4CA9-ABB7-D633BD0CF2CB}.Debug|Any CPU.ActiveCfg = Debug|Any CPU
		{001A2B64-AAA6-4CA9-ABB7-D633BD0CF2CB}.Debug|Any CPU.Build.0 = Debug|Any CPU
		{001A2B64-AAA6-4CA9-ABB7-D633BD0CF2CB}.Release|Any CPU.ActiveCfg = Release|Any CPU
		{001A2B64-AAA6-4CA9-ABB7-D633BD0CF2CB}.Release|Any CPU.Build.0 = Release|Any CPU
		{BC37CA47-A9E3-4CD8-A8E0-95A89DA36930}.Debug|Any CPU.ActiveCfg = Debug|Any CPU
		{BC37CA47-A9E3-4CD8-A8E0-95A89DA36930}.Debug|Any CPU.Build.0 = Debug|Any CPU
		{BC37CA47-A9E3-4CD8-A8E0-95A89DA36930}.Release|Any CPU.ActiveCfg = Release|Any CPU
		{BC37CA47-A9E3-4CD8-A8E0-95A89DA36930}.Release|Any CPU.Build.0 = Release|Any CPU
		{E61CF04A-DECD-47D1-877C-77245AB732BF}.Debug|Any CPU.ActiveCfg = Debug|Any CPU
		{E61CF04A-DECD-47D1-877C-77245AB732BF}.Debug|Any CPU.Build.0 = Debug|Any CPU
		{E61CF04A-DECD-47D1-877C-77245AB732BF}.Release|Any CPU.ActiveCfg = Release|Any CPU
		{E61CF04A-DECD-47D1-877C-77245AB732BF}.Release|Any CPU.Build.0 = Release|Any CPU
	EndGlobalSection
	GlobalSection(SolutionProperties) = preSolution
		HideSolutionNode = FALSE
	EndGlobalSection
	GlobalSection(NestedProjects) = preSolution
		{70388523-A310-4F01-BE84-63E0530304C9} = {E072DC40-1E7A-4260-8E6B-C78F0117E9A9}
		{001A2B64-AAA6-4CA9-ABB7-D633BD0CF2CB} = {E072DC40-1E7A-4260-8E6B-C78F0117E9A9}
		{BC37CA47-A9E3-4CD8-A8E0-95A89DA36930} = {E072DC40-1E7A-4260-8E6B-C78F0117E9A9}
		{E61CF04A-DECD-47D1-877C-77245AB732BF} = {E072DC40-1E7A-4260-8E6B-C78F0117E9A9}
	EndGlobalSection
	GlobalSection(ExtensibilityGlobals) = postSolution
		SolutionGuid = {CD5A63E8-A7FA-42E9-A75E-5F279699E9A7}
	EndGlobalSection
EndGlobal
