
Microsoft Visual Studio Solution File, Format Version 12.00
# Visual Studio Version 16
VisualStudioVersion = 16.0.31019.35
MinimumVisualStudioVersion = 10.0.40219.1
Project("{2150E333-8FDC-42A3-9474-1A3956D46DE8}") = "src", "src", "{E072DC40-1E7A-4260-8E6B-C78F0117E9A9}"
EndProject
Project("{2150E333-8FDC-42A3-9474-1A3956D46DE8}") = "tests", "tests", "{9378E321-FBD4-410A-8C1F-2CA84F74859F}"
EndProject
Project("{2150E333-8FDC-42A3-9474-1A3956D46DE8}") = "example", "example", "{359031E2-42AD-466B-8538-A199E90AAF40}"
EndProject
Project("{2150E333-8FDC-42A3-9474-1A3956D46DE8}") = "Domain", "Domain", "{F7F4E436-5E09-4FE4-BE2D-4DCCBF04D5DD}"
EndProject
Project("{2150E333-8FDC-42A3-9474-1A3956D46DE8}") = "Application", "Application", "{61CF3C83-0F06-4C27-9F06-F281C1C5DF12}"
EndProject
Project("{2150E333-8FDC-42A3-9474-1A3956D46DE8}") = "Infrastructure", "Infrastructure", "{382055ED-7CA2-4275-B474-B75C146F3099}"
EndProject
Project("{2150E333-8FDC-42A3-9474-1A3956D46DE8}") = "EFCore", "EFCore", "{2561245E-D880-48EF-ACEF-977B624F6D95}"
EndProject
Project("{2150E333-8FDC-42A3-9474-1A3956D46DE8}") = "Persistence", "Persistence", "{239E62DE-FA2A-4138-A87D-80AA671628DF}"
EndProject
Project("{2150E333-8FDC-42A3-9474-1A3956D46DE8}") = "Dapr", "Dapr", "{ECAD4D43-75F8-4252-AC54-3B43CDE6B9D8}"
EndProject
Project("{2150E333-8FDC-42A3-9474-1A3956D46DE8}") = "Npgsql", "Npgsql", "{FEC96962-8086-4FEF-9C34-F03AC99A5B85}"
EndProject
Project("{2150E333-8FDC-42A3-9474-1A3956D46DE8}") = "WebHosting", "WebHosting", "{70760166-FE1D-49AA-89C1-C297AC63D4FF}"
EndProject
Project("{9A19103F-16F7-4668-BE54-9A1E7A4F7556}") = "Domain", "src\Domain\Domain.csproj", "{A7734346-C784-47CB-98F3-984380A48F46}"
EndProject
Project("{9A19103F-16F7-4668-BE54-9A1E7A4F7556}") = "Application", "src\Application\Application.csproj", "{549D22AF-B34D-4CF0-A8E5-0BC38907E5E4}"
EndProject
Project("{9A19103F-16F7-4668-BE54-9A1E7A4F7556}") = "Infrastructure.Dapr", "src\Infrastructure\Dapr\Infrastructure.Dapr.csproj", "{EC61E5A8-FEC4-42E0-AC0D-DB2EBEC42F70}"
EndProject
Project("{9A19103F-16F7-4668-BE54-9A1E7A4F7556}") = "Persistence.Npgsql", "src\Persistence\Npgsql\Persistence.Npgsql.csproj", "{E01AF602-3342-4E2E-8961-35E0208E175C}"
EndProject
Project("{9A19103F-16F7-4668-BE54-9A1E7A4F7556}") = "WebHosting", "src\WebHosting\WebHosting.csproj", "{1E2E0B9E-D790-4332-9BD6-1C919C7DA46A}"
EndProject
Project("{9A19103F-16F7-4668-BE54-9A1E7A4F7556}") = "Persistence.EFCore", "src\Persistence\EFCore\Persistence.EFCore.csproj", "{D2BFF694-9CF7-49D4-A853-C9486727B870}"
EndProject
Global
	GlobalSection(SolutionConfigurationPlatforms) = preSolution
		Debug|Any CPU = Debug|Any CPU
		Release|Any CPU = Release|Any CPU
	EndGlobalSection
	GlobalSection(ProjectConfigurationPlatforms) = postSolution
		{A7734346-C784-47CB-98F3-984380A48F46}.Debug|Any CPU.ActiveCfg = Debug|Any CPU
		{A7734346-C784-47CB-98F3-984380A48F46}.Debug|Any CPU.Build.0 = Debug|Any CPU
		{A7734346-C784-47CB-98F3-984380A48F46}.Release|Any CPU.ActiveCfg = Release|Any CPU
		{A7734346-C784-47CB-98F3-984380A48F46}.Release|Any CPU.Build.0 = Release|Any CPU
		{549D22AF-B34D-4CF0-A8E5-0BC38907E5E4}.Debug|Any CPU.ActiveCfg = Debug|Any CPU
		{549D22AF-B34D-4CF0-A8E5-0BC38907E5E4}.Debug|Any CPU.Build.0 = Debug|Any CPU
		{549D22AF-B34D-4CF0-A8E5-0BC38907E5E4}.Release|Any CPU.ActiveCfg = Release|Any CPU
		{549D22AF-B34D-4CF0-A8E5-0BC38907E5E4}.Release|Any CPU.Build.0 = Release|Any CPU
		{EC61E5A8-FEC4-42E0-AC0D-DB2EBEC42F70}.Debug|Any CPU.ActiveCfg = Debug|Any CPU
		{EC61E5A8-FEC4-42E0-AC0D-DB2EBEC42F70}.Debug|Any CPU.Build.0 = Debug|Any CPU
		{EC61E5A8-FEC4-42E0-AC0D-DB2EBEC42F70}.Release|Any CPU.ActiveCfg = Release|Any CPU
		{EC61E5A8-FEC4-42E0-AC0D-DB2EBEC42F70}.Release|Any CPU.Build.0 = Release|Any CPU
		{E01AF602-3342-4E2E-8961-35E0208E175C}.Debug|Any CPU.ActiveCfg = Debug|Any CPU
		{E01AF602-3342-4E2E-8961-35E0208E175C}.Debug|Any CPU.Build.0 = Debug|Any CPU
		{E01AF602-3342-4E2E-8961-35E0208E175C}.Release|Any CPU.ActiveCfg = Release|Any CPU
		{E01AF602-3342-4E2E-8961-35E0208E175C}.Release|Any CPU.Build.0 = Release|Any CPU
		{1E2E0B9E-D790-4332-9BD6-1C919C7DA46A}.Debug|Any CPU.ActiveCfg = Debug|Any CPU
		{1E2E0B9E-D790-4332-9BD6-1C919C7DA46A}.Debug|Any CPU.Build.0 = Debug|Any CPU
		{1E2E0B9E-D790-4332-9BD6-1C919C7DA46A}.Release|Any CPU.ActiveCfg = Release|Any CPU
		{1E2E0B9E-D790-4332-9BD6-1C919C7DA46A}.Release|Any CPU.Build.0 = Release|Any CPU
		{D2BFF694-9CF7-49D4-A853-C9486727B870}.Debug|Any CPU.ActiveCfg = Debug|Any CPU
		{D2BFF694-9CF7-49D4-A853-C9486727B870}.Debug|Any CPU.Build.0 = Debug|Any CPU
		{D2BFF694-9CF7-49D4-A853-C9486727B870}.Release|Any CPU.ActiveCfg = Release|Any CPU
		{D2BFF694-9CF7-49D4-A853-C9486727B870}.Release|Any CPU.Build.0 = Release|Any CPU
	EndGlobalSection
	GlobalSection(SolutionProperties) = preSolution
		HideSolutionNode = FALSE
	EndGlobalSection
	GlobalSection(NestedProjects) = preSolution
		{F7F4E436-5E09-4FE4-BE2D-4DCCBF04D5DD} = {E072DC40-1E7A-4260-8E6B-C78F0117E9A9}
		{61CF3C83-0F06-4C27-9F06-F281C1C5DF12} = {E072DC40-1E7A-4260-8E6B-C78F0117E9A9}
		{382055ED-7CA2-4275-B474-B75C146F3099} = {E072DC40-1E7A-4260-8E6B-C78F0117E9A9}
		{2561245E-D880-48EF-ACEF-977B624F6D95} = {239E62DE-FA2A-4138-A87D-80AA671628DF}
		{239E62DE-FA2A-4138-A87D-80AA671628DF} = {E072DC40-1E7A-4260-8E6B-C78F0117E9A9}
		{ECAD4D43-75F8-4252-AC54-3B43CDE6B9D8} = {382055ED-7CA2-4275-B474-B75C146F3099}
		{FEC96962-8086-4FEF-9C34-F03AC99A5B85} = {239E62DE-FA2A-4138-A87D-80AA671628DF}
		{70760166-FE1D-49AA-89C1-C297AC63D4FF} = {E072DC40-1E7A-4260-8E6B-C78F0117E9A9}
		{A7734346-C784-47CB-98F3-984380A48F46} = {F7F4E436-5E09-4FE4-BE2D-4DCCBF04D5DD}
		{549D22AF-B34D-4CF0-A8E5-0BC38907E5E4} = {61CF3C83-0F06-4C27-9F06-F281C1C5DF12}
		{EC61E5A8-FEC4-42E0-AC0D-DB2EBEC42F70} = {ECAD4D43-75F8-4252-AC54-3B43CDE6B9D8}
		{E01AF602-3342-4E2E-8961-35E0208E175C} = {FEC96962-8086-4FEF-9C34-F03AC99A5B85}
		{1E2E0B9E-D790-4332-9BD6-1C919C7DA46A} = {70760166-FE1D-49AA-89C1-C297AC63D4FF}
		{D2BFF694-9CF7-49D4-A853-C9486727B870} = {2561245E-D880-48EF-ACEF-977B624F6D95}
	EndGlobalSection
	GlobalSection(ExtensibilityGlobals) = postSolution
		SolutionGuid = {CD5A63E8-A7FA-42E9-A75E-5F279699E9A7}
	EndGlobalSection
EndGlobal
