
Microsoft Visual Studio Solution File, Format Version 12.00
# Visual Studio Version 16
VisualStudioVersion = 16.0.31019.35
MinimumVisualStudioVersion = 10.0.40219.1
Project("{2150E333-8FDC-42A3-9474-1A3956D46DE8}") = "src", "src", "{E072DC40-1E7A-4260-8E6B-C78F0117E9A9}"
EndProject
Project("{2150E333-8FDC-42A3-9474-1A3956D46DE8}") = "tests", "tests", "{9378E321-FBD4-410A-8C1F-2CA84F74859F}"
EndProject
Project("{2150E333-8FDC-42A3-9474-1A3956D46DE8}") = "example", "example", "{359031E2-42AD-466B-8538-A199E90AAF40}"
EndProject
Project("{2150E333-8FDC-42A3-9474-1A3956D46DE8}") = "Domain", "Domain", "{F7F4E436-5E09-4FE4-BE2D-4DCCBF04D5DD}"
EndProject
Project("{2150E333-8FDC-42A3-9474-1A3956D46DE8}") = "Application", "Application", "{61CF3C83-0F06-4C27-9F06-F281C1C5DF12}"
EndProject
Project("{2150E333-8FDC-42A3-9474-1A3956D46DE8}") = "Infrastructure", "Infrastructure", "{382055ED-7CA2-4275-B474-B75C146F3099}"
EndProject
Project("{2150E333-8FDC-42A3-9474-1A3956D46DE8}") = "EFCore", "EFCore", "{2561245E-D880-48EF-ACEF-977B624F6D95}"
EndProject
Project("{2150E333-8FDC-42A3-9474-1A3956D46DE8}") = "Persistence", "Persistence", "{239E62DE-FA2A-4138-A87D-80AA671628DF}"
EndProject
Project("{2150E333-8FDC-42A3-9474-1A3956D46DE8}") = "Dapr", "Dapr", "{ECAD4D43-75F8-4252-AC54-3B43CDE6B9D8}"
EndProject
Project("{2150E333-8FDC-42A3-9474-1A3956D46DE8}") = "Host", "Host", "{70760166-FE1D-49AA-89C1-C297AC63D4FF}"
EndProject
Project("{9A19103F-16F7-4668-BE54-9A1E7A4F7556}") = "Domain", "src\Domain\Domain.csproj", "{A7734346-C784-47CB-98F3-984380A48F46}"
EndProject
Project("{9A19103F-16F7-4668-BE54-9A1E7A4F7556}") = "Application", "src\Application\Application.csproj", "{549D22AF-B34D-4CF0-A8E5-0BC38907E5E4}"
EndProject
Project("{9A19103F-16F7-4668-BE54-9A1E7A4F7556}") = "Infrastructure.Dapr", "src\Infrastructure\Dapr\Infrastructure.Dapr.csproj", "{EC61E5A8-FEC4-42E0-AC0D-DB2EBEC42F70}"
EndProject
Project("{9A19103F-16F7-4668-BE54-9A1E7A4F7556}") = "Persistence.EFCore", "src\Persistence\EFCore\Persistence.EFCore.csproj", "{D2BFF694-9CF7-49D4-A853-C9486727B870}"
EndProject
Project("{2150E333-8FDC-42A3-9474-1A3956D46DE8}") = "MongoDb", "MongoDb", "{9E8715C9-C6E3-4622-8432-7428CECA596D}"
EndProject
Project("{9A19103F-16F7-4668-BE54-9A1E7A4F7556}") = "Persistence.MongoDb", "src\Persistence\MongoDb\Persistence.MongoDb.csproj", "{A2229E94-8A03-43C5-809F-48748FB89C6E}"
EndProject
Project("{2150E333-8FDC-42A3-9474-1A3956D46DE8}") = "LiteDb", "LiteDb", "{323A440A-A37B-44E8-8394-CB58F6366280}"
EndProject
Project("{9A19103F-16F7-4668-BE54-9A1E7A4F7556}") = "Persistence.LiteDb", "src\Persistence\LiteDb\Persistence.LiteDb.csproj", "{E21EE105-C8C9-4487-814B-2F738E074633}"
EndProject
Project("{2150E333-8FDC-42A3-9474-1A3956D46DE8}") = "MemoryCache", "MemoryCache", "{9124072A-FBC5-489A-9B86-36C46AA7D35F}"
EndProject
Project("{9A19103F-16F7-4668-BE54-9A1E7A4F7556}") = "Infrastructure.MemoryCache", "src\Infrastructure\MemoryCache\Infrastructure.MemoryCache.csproj", "{364817B1-0E2B-45C7-9DDE-5E352D9FEB80}"
EndProject
Project("{9A19103F-16F7-4668-BE54-9A1E7A4F7556}") = "Host", "src\Host\Host.csproj", "{5035C2A9-3F50-4CB6-8F61-0E5D779725DE}"
EndProject
Project("{2150E333-8FDC-42A3-9474-1A3956D46DE8}") = "Grpc", "Grpc", "{D652CB4C-280E-4244-AE12-83ABC56202BC}"
EndProject
Project("{FAE04EC0-301F-11D3-BF4B-00C04F79EFBC}") = "Infrastructure.Grpc", "src\Infrastructure\Grpc\Infrastructure.Grpc\Infrastructure.Grpc.csproj", "{19EBC19F-7123-4B25-9EAD-E397CB796D96}"
EndProject
Global
	GlobalSection(SolutionConfigurationPlatforms) = preSolution
		Debug|Any CPU = Debug|Any CPU
		Release|Any CPU = Release|Any CPU
	EndGlobalSection
	GlobalSection(ProjectConfigurationPlatforms) = postSolution
		{A7734346-C784-47CB-98F3-984380A48F46}.Debug|Any CPU.ActiveCfg = Debug|Any CPU
		{A7734346-C784-47CB-98F3-984380A48F46}.Debug|Any CPU.Build.0 = Debug|Any CPU
		{A7734346-C784-47CB-98F3-984380A48F46}.Release|Any CPU.ActiveCfg = Release|Any CPU
		{A7734346-C784-47CB-98F3-984380A48F46}.Release|Any CPU.Build.0 = Release|Any CPU
		{549D22AF-B34D-4CF0-A8E5-0BC38907E5E4}.Debug|Any CPU.ActiveCfg = Debug|Any CPU
		{549D22AF-B34D-4CF0-A8E5-0BC38907E5E4}.Debug|Any CPU.Build.0 = Debug|Any CPU
		{549D22AF-B34D-4CF0-A8E5-0BC38907E5E4}.Release|Any CPU.ActiveCfg = Release|Any CPU
		{549D22AF-B34D-4CF0-A8E5-0BC38907E5E4}.Release|Any CPU.Build.0 = Release|Any CPU
		{EC61E5A8-FEC4-42E0-AC0D-DB2EBEC42F70}.Debug|Any CPU.ActiveCfg = Debug|Any CPU
		{EC61E5A8-FEC4-42E0-AC0D-DB2EBEC42F70}.Debug|Any CPU.Build.0 = Debug|Any CPU
		{EC61E5A8-FEC4-42E0-AC0D-DB2EBEC42F70}.Release|Any CPU.ActiveCfg = Release|Any CPU
		{EC61E5A8-FEC4-42E0-AC0D-DB2EBEC42F70}.Release|Any CPU.Build.0 = Release|Any CPU
		{D2BFF694-9CF7-49D4-A853-C9486727B870}.Debug|Any CPU.ActiveCfg = Debug|Any CPU
		{D2BFF694-9CF7-49D4-A853-C9486727B870}.Debug|Any CPU.Build.0 = Debug|Any CPU
		{D2BFF694-9CF7-49D4-A853-C9486727B870}.Release|Any CPU.ActiveCfg = Release|Any CPU
		{D2BFF694-9CF7-49D4-A853-C9486727B870}.Release|Any CPU.Build.0 = Release|Any CPU
		{A2229E94-8A03-43C5-809F-48748FB89C6E}.Debug|Any CPU.ActiveCfg = Debug|Any CPU
		{A2229E94-8A03-43C5-809F-48748FB89C6E}.Debug|Any CPU.Build.0 = Debug|Any CPU
		{A2229E94-8A03-43C5-809F-48748FB89C6E}.Release|Any CPU.ActiveCfg = Release|Any CPU
		{A2229E94-8A03-43C5-809F-48748FB89C6E}.Release|Any CPU.Build.0 = Release|Any CPU
		{E21EE105-C8C9-4487-814B-2F738E074633}.Debug|Any CPU.ActiveCfg = Debug|Any CPU
		{E21EE105-C8C9-4487-814B-2F738E074633}.Debug|Any CPU.Build.0 = Debug|Any CPU
		{E21EE105-C8C9-4487-814B-2F738E074633}.Release|Any CPU.ActiveCfg = Release|Any CPU
		{E21EE105-C8C9-4487-814B-2F738E074633}.Release|Any CPU.Build.0 = Release|Any CPU
		{364817B1-0E2B-45C7-9DDE-5E352D9FEB80}.Debug|Any CPU.ActiveCfg = Debug|Any CPU
		{364817B1-0E2B-45C7-9DDE-5E352D9FEB80}.Debug|Any CPU.Build.0 = Debug|Any CPU
		{364817B1-0E2B-45C7-9DDE-5E352D9FEB80}.Release|Any CPU.ActiveCfg = Release|Any CPU
		{364817B1-0E2B-45C7-9DDE-5E352D9FEB80}.Release|Any CPU.Build.0 = Release|Any CPU
		{5035C2A9-3F50-4CB6-8F61-0E5D779725DE}.Debug|Any CPU.ActiveCfg = Debug|Any CPU
		{5035C2A9-3F50-4CB6-8F61-0E5D779725DE}.Debug|Any CPU.Build.0 = Debug|Any CPU
		{5035C2A9-3F50-4CB6-8F61-0E5D779725DE}.Release|Any CPU.ActiveCfg = Release|Any CPU
		{5035C2A9-3F50-4CB6-8F61-0E5D779725DE}.Release|Any CPU.Build.0 = Release|Any CPU
		{19EBC19F-7123-4B25-9EAD-E397CB796D96}.Debug|Any CPU.ActiveCfg = Debug|Any CPU
		{19EBC19F-7123-4B25-9EAD-E397CB796D96}.Debug|Any CPU.Build.0 = Debug|Any CPU
		{19EBC19F-7123-4B25-9EAD-E397CB796D96}.Release|Any CPU.ActiveCfg = Release|Any CPU
		{19EBC19F-7123-4B25-9EAD-E397CB796D96}.Release|Any CPU.Build.0 = Release|Any CPU
	EndGlobalSection
	GlobalSection(SolutionProperties) = preSolution
		HideSolutionNode = FALSE
	EndGlobalSection
	GlobalSection(NestedProjects) = preSolution
		{F7F4E436-5E09-4FE4-BE2D-4DCCBF04D5DD} = {E072DC40-1E7A-4260-8E6B-C78F0117E9A9}
		{61CF3C83-0F06-4C27-9F06-F281C1C5DF12} = {E072DC40-1E7A-4260-8E6B-C78F0117E9A9}
		{382055ED-7CA2-4275-B474-B75C146F3099} = {E072DC40-1E7A-4260-8E6B-C78F0117E9A9}
		{2561245E-D880-48EF-ACEF-977B624F6D95} = {239E62DE-FA2A-4138-A87D-80AA671628DF}
		{239E62DE-FA2A-4138-A87D-80AA671628DF} = {E072DC40-1E7A-4260-8E6B-C78F0117E9A9}
		{ECAD4D43-75F8-4252-AC54-3B43CDE6B9D8} = {382055ED-7CA2-4275-B474-B75C146F3099}
		{70760166-FE1D-49AA-89C1-C297AC63D4FF} = {E072DC40-1E7A-4260-8E6B-C78F0117E9A9}
		{A7734346-C784-47CB-98F3-984380A48F46} = {F7F4E436-5E09-4FE4-BE2D-4DCCBF04D5DD}
		{549D22AF-B34D-4CF0-A8E5-0BC38907E5E4} = {61CF3C83-0F06-4C27-9F06-F281C1C5DF12}
		{EC61E5A8-FEC4-42E0-AC0D-DB2EBEC42F70} = {ECAD4D43-75F8-4252-AC54-3B43CDE6B9D8}
		{D2BFF694-9CF7-49D4-A853-C9486727B870} = {2561245E-D880-48EF-ACEF-977B624F6D95}
		{9E8715C9-C6E3-4622-8432-7428CECA596D} = {239E62DE-FA2A-4138-A87D-80AA671628DF}
		{A2229E94-8A03-43C5-809F-48748FB89C6E} = {9E8715C9-C6E3-4622-8432-7428CECA596D}
		{323A440A-A37B-44E8-8394-CB58F6366280} = {239E62DE-FA2A-4138-A87D-80AA671628DF}
		{E21EE105-C8C9-4487-814B-2F738E074633} = {323A440A-A37B-44E8-8394-CB58F6366280}
		{9124072A-FBC5-489A-9B86-36C46AA7D35F} = {382055ED-7CA2-4275-B474-B75C146F3099}
		{364817B1-0E2B-45C7-9DDE-5E352D9FEB80} = {9124072A-FBC5-489A-9B86-36C46AA7D35F}
		{5035C2A9-3F50-4CB6-8F61-0E5D779725DE} = {70760166-FE1D-49AA-89C1-C297AC63D4FF}
		{D652CB4C-280E-4244-AE12-83ABC56202BC} = {382055ED-7CA2-4275-B474-B75C146F3099}
		{19EBC19F-7123-4B25-9EAD-E397CB796D96} = {D652CB4C-280E-4244-AE12-83ABC56202BC}
	EndGlobalSection
	GlobalSection(ExtensibilityGlobals) = postSolution
		SolutionGuid = {CD5A63E8-A7FA-42E9-A75E-5F279699E9A7}
	EndGlobalSection
EndGlobal
