
Microsoft Visual Studio Solution File, Format Version 12.00
# Visual Studio Version 17
VisualStudioVersion = 17.2.32602.215
MinimumVisualStudioVersion = 10.0.40219.1
Project("{2150E333-8FDC-42A3-9474-1A3956D46DE8}") = "src", "src", "{E072DC40-1E7A-4260-8E6B-C78F0117E9A9}"
EndProject
Project("{2150E333-8FDC-42A3-9474-1A3956D46DE8}") = "tests", "tests", "{9378E321-FBD4-410A-8C1F-2CA84F74859F}"
EndProject
Project("{2150E333-8FDC-42A3-9474-1A3956D46DE8}") = "example", "example", "{359031E2-42AD-466B-8538-A199E90AAF40}"
EndProject
Project("{2150E333-8FDC-42A3-9474-1A3956D46DE8}") = "Domain", "Domain", "{F7F4E436-5E09-4FE4-BE2D-4DCCBF04D5DD}"
EndProject
Project("{2150E333-8FDC-42A3-9474-1A3956D46DE8}") = "Application", "Application", "{61CF3C83-0F06-4C27-9F06-F281C1C5DF12}"
EndProject
Project("{2150E333-8FDC-42A3-9474-1A3956D46DE8}") = "Infrastructure", "Infrastructure", "{382055ED-7CA2-4275-B474-B75C146F3099}"
EndProject
Project("{2150E333-8FDC-42A3-9474-1A3956D46DE8}") = "EFCore", "EFCore", "{2561245E-D880-48EF-ACEF-977B624F6D95}"
EndProject
Project("{2150E333-8FDC-42A3-9474-1A3956D46DE8}") = "Dapr", "Dapr", "{ECAD4D43-75F8-4252-AC54-3B43CDE6B9D8}"
EndProject
Project("{2150E333-8FDC-42A3-9474-1A3956D46DE8}") = "Interface", "Interface", "{70760166-FE1D-49AA-89C1-C297AC63D4FF}"
EndProject
Project("{9A19103F-16F7-4668-BE54-9A1E7A4F7556}") = "Domain", "src\Domain\Domain.csproj", "{A7734346-C784-47CB-98F3-984380A48F46}"
EndProject
Project("{9A19103F-16F7-4668-BE54-9A1E7A4F7556}") = "Application", "src\Application\Application.csproj", "{549D22AF-B34D-4CF0-A8E5-0BC38907E5E4}"
EndProject
Project("{9A19103F-16F7-4668-BE54-9A1E7A4F7556}") = "Infrastructure.Dapr", "src\Infrastructure\Dapr\Infrastructure.Dapr.csproj", "{EC61E5A8-FEC4-42E0-AC0D-DB2EBEC42F70}"
EndProject
Project("{2150E333-8FDC-42A3-9474-1A3956D46DE8}") = "MongoDb", "MongoDb", "{9E8715C9-C6E3-4622-8432-7428CECA596D}"
EndProject
Project("{2150E333-8FDC-42A3-9474-1A3956D46DE8}") = "LiteDb", "LiteDb", "{323A440A-A37B-44E8-8394-CB58F6366280}"
EndProject
Project("{2150E333-8FDC-42A3-9474-1A3956D46DE8}") = "MemoryCache", "MemoryCache", "{9124072A-FBC5-489A-9B86-36C46AA7D35F}"
EndProject
Project("{9A19103F-16F7-4668-BE54-9A1E7A4F7556}") = "Infrastructure.MemoryCache", "src\Infrastructure\MemoryCache\Infrastructure.MemoryCache.csproj", "{364817B1-0E2B-45C7-9DDE-5E352D9FEB80}"
EndProject
Project("{2150E333-8FDC-42A3-9474-1A3956D46DE8}") = "Zmq", "Zmq", "{9B7DEFD4-466B-4E28-9CC9-1C6B5E95F129}"
EndProject
Project("{9A19103F-16F7-4668-BE54-9A1E7A4F7556}") = "Infrastructure.Zmq", "src\Infrastructure\Zmq\Infrastructure.Zmq.csproj", "{C3F7F969-9AB0-4F79-90B8-02A261504900}"
EndProject
Project("{2150E333-8FDC-42A3-9474-1A3956D46DE8}") = "Http", "Http", "{E575DA3E-BCB1-4BF4-8568-FE6959FA812A}"
EndProject
Project("{9A19103F-16F7-4668-BE54-9A1E7A4F7556}") = "Interface.Http", "src\Interface\Http\Interface.Http.csproj", "{097640ED-11C9-4DDA-BDB8-555C26967C91}"
EndProject
Project("{9A19103F-16F7-4668-BE54-9A1E7A4F7556}") = "Infrastructure.EFCore", "src\Infrastructure\EFCore\Infrastructure.EFCore.csproj", "{A5996D87-03B9-4E99-9C73-16E6DC6B4F03}"
EndProject
Project("{9A19103F-16F7-4668-BE54-9A1E7A4F7556}") = "Infrastructure.LiteDb", "src\Infrastructure\LiteDb\Infrastructure.LiteDb.csproj", "{B398E4F7-D2CC-46C6-888D-015DA506523B}"
EndProject
Project("{9A19103F-16F7-4668-BE54-9A1E7A4F7556}") = "Infrastructure.MongoDb", "src\Infrastructure\MongoDb\Infrastructure.MongoDb.csproj", "{B52601B3-330B-40A2-BE7A-69BF85F5C12B}"
EndProject
Project("{2150E333-8FDC-42A3-9474-1A3956D46DE8}") = "Orleans", "Orleans", "{A8D6F611-B9C3-4C58-9012-931C9EB0BFCE}"
EndProject
Project("{9A19103F-16F7-4668-BE54-9A1E7A4F7556}") = "Infrastructure.Orleans", "src\Infrastructure\Orleans\Infrastructure.Orleans.csproj", "{914FF692-CF87-4DCB-9AA3-55B8D4A346C7}"
EndProject
Global
	GlobalSection(SolutionConfigurationPlatforms) = preSolution
		Debug|Any CPU = Debug|Any CPU
		Release|Any CPU = Release|Any CPU
	EndGlobalSection
	GlobalSection(ProjectConfigurationPlatforms) = postSolution
		{A7734346-C784-47CB-98F3-984380A48F46}.Debug|Any CPU.ActiveCfg = Debug|Any CPU
		{A7734346-C784-47CB-98F3-984380A48F46}.Debug|Any CPU.Build.0 = Debug|Any CPU
		{A7734346-C784-47CB-98F3-984380A48F46}.Release|Any CPU.ActiveCfg = Release|Any CPU
		{A7734346-C784-47CB-98F3-984380A48F46}.Release|Any CPU.Build.0 = Release|Any CPU
		{549D22AF-B34D-4CF0-A8E5-0BC38907E5E4}.Debug|Any CPU.ActiveCfg = Debug|Any CPU
		{549D22AF-B34D-4CF0-A8E5-0BC38907E5E4}.Debug|Any CPU.Build.0 = Debug|Any CPU
		{549D22AF-B34D-4CF0-A8E5-0BC38907E5E4}.Release|Any CPU.ActiveCfg = Release|Any CPU
		{549D22AF-B34D-4CF0-A8E5-0BC38907E5E4}.Release|Any CPU.Build.0 = Release|Any CPU
		{EC61E5A8-FEC4-42E0-AC0D-DB2EBEC42F70}.Debug|Any CPU.ActiveCfg = Debug|Any CPU
		{EC61E5A8-FEC4-42E0-AC0D-DB2EBEC42F70}.Debug|Any CPU.Build.0 = Debug|Any CPU
		{EC61E5A8-FEC4-42E0-AC0D-DB2EBEC42F70}.Release|Any CPU.ActiveCfg = Release|Any CPU
		{EC61E5A8-FEC4-42E0-AC0D-DB2EBEC42F70}.Release|Any CPU.Build.0 = Release|Any CPU
		{364817B1-0E2B-45C7-9DDE-5E352D9FEB80}.Debug|Any CPU.ActiveCfg = Debug|Any CPU
		{364817B1-0E2B-45C7-9DDE-5E352D9FEB80}.Debug|Any CPU.Build.0 = Debug|Any CPU
		{364817B1-0E2B-45C7-9DDE-5E352D9FEB80}.Release|Any CPU.ActiveCfg = Release|Any CPU
		{364817B1-0E2B-45C7-9DDE-5E352D9FEB80}.Release|Any CPU.Build.0 = Release|Any CPU
		{C3F7F969-9AB0-4F79-90B8-02A261504900}.Debug|Any CPU.ActiveCfg = Debug|Any CPU
		{C3F7F969-9AB0-4F79-90B8-02A261504900}.Debug|Any CPU.Build.0 = Debug|Any CPU
		{C3F7F969-9AB0-4F79-90B8-02A261504900}.Release|Any CPU.ActiveCfg = Release|Any CPU
		{C3F7F969-9AB0-4F79-90B8-02A261504900}.Release|Any CPU.Build.0 = Release|Any CPU
		{097640ED-11C9-4DDA-BDB8-555C26967C91}.Debug|Any CPU.ActiveCfg = Debug|Any CPU
		{097640ED-11C9-4DDA-BDB8-555C26967C91}.Debug|Any CPU.Build.0 = Debug|Any CPU
		{097640ED-11C9-4DDA-BDB8-555C26967C91}.Release|Any CPU.ActiveCfg = Release|Any CPU
		{097640ED-11C9-4DDA-BDB8-555C26967C91}.Release|Any CPU.Build.0 = Release|Any CPU
		{A5996D87-03B9-4E99-9C73-16E6DC6B4F03}.Debug|Any CPU.ActiveCfg = Debug|Any CPU
		{A5996D87-03B9-4E99-9C73-16E6DC6B4F03}.Debug|Any CPU.Build.0 = Debug|Any CPU
		{A5996D87-03B9-4E99-9C73-16E6DC6B4F03}.Release|Any CPU.ActiveCfg = Release|Any CPU
		{A5996D87-03B9-4E99-9C73-16E6DC6B4F03}.Release|Any CPU.Build.0 = Release|Any CPU
		{B398E4F7-D2CC-46C6-888D-015DA506523B}.Debug|Any CPU.ActiveCfg = Debug|Any CPU
		{B398E4F7-D2CC-46C6-888D-015DA506523B}.Debug|Any CPU.Build.0 = Debug|Any CPU
		{B398E4F7-D2CC-46C6-888D-015DA506523B}.Release|Any CPU.ActiveCfg = Release|Any CPU
		{B398E4F7-D2CC-46C6-888D-015DA506523B}.Release|Any CPU.Build.0 = Release|Any CPU
		{B52601B3-330B-40A2-BE7A-69BF85F5C12B}.Debug|Any CPU.ActiveCfg = Debug|Any CPU
		{B52601B3-330B-40A2-BE7A-69BF85F5C12B}.Debug|Any CPU.Build.0 = Debug|Any CPU
		{B52601B3-330B-40A2-BE7A-69BF85F5C12B}.Release|Any CPU.ActiveCfg = Release|Any CPU
		{B52601B3-330B-40A2-BE7A-69BF85F5C12B}.Release|Any CPU.Build.0 = Release|Any CPU
		{914FF692-CF87-4DCB-9AA3-55B8D4A346C7}.Debug|Any CPU.ActiveCfg = Debug|Any CPU
		{914FF692-CF87-4DCB-9AA3-55B8D4A346C7}.Debug|Any CPU.Build.0 = Debug|Any CPU
		{914FF692-CF87-4DCB-9AA3-55B8D4A346C7}.Release|Any CPU.ActiveCfg = Release|Any CPU
		{914FF692-CF87-4DCB-9AA3-55B8D4A346C7}.Release|Any CPU.Build.0 = Release|Any CPU
	EndGlobalSection
	GlobalSection(SolutionProperties) = preSolution
		HideSolutionNode = FALSE
	EndGlobalSection
	GlobalSection(NestedProjects) = preSolution
		{F7F4E436-5E09-4FE4-BE2D-4DCCBF04D5DD} = {E072DC40-1E7A-4260-8E6B-C78F0117E9A9}
		{61CF3C83-0F06-4C27-9F06-F281C1C5DF12} = {E072DC40-1E7A-4260-8E6B-C78F0117E9A9}
		{382055ED-7CA2-4275-B474-B75C146F3099} = {E072DC40-1E7A-4260-8E6B-C78F0117E9A9}
		{2561245E-D880-48EF-ACEF-977B624F6D95} = {382055ED-7CA2-4275-B474-B75C146F3099}
		{ECAD4D43-75F8-4252-AC54-3B43CDE6B9D8} = {382055ED-7CA2-4275-B474-B75C146F3099}
		{70760166-FE1D-49AA-89C1-C297AC63D4FF} = {E072DC40-1E7A-4260-8E6B-C78F0117E9A9}
		{A7734346-C784-47CB-98F3-984380A48F46} = {F7F4E436-5E09-4FE4-BE2D-4DCCBF04D5DD}
		{549D22AF-B34D-4CF0-A8E5-0BC38907E5E4} = {61CF3C83-0F06-4C27-9F06-F281C1C5DF12}
		{EC61E5A8-FEC4-42E0-AC0D-DB2EBEC42F70} = {ECAD4D43-75F8-4252-AC54-3B43CDE6B9D8}
		{9E8715C9-C6E3-4622-8432-7428CECA596D} = {382055ED-7CA2-4275-B474-B75C146F3099}
		{323A440A-A37B-44E8-8394-CB58F6366280} = {382055ED-7CA2-4275-B474-B75C146F3099}
		{9124072A-FBC5-489A-9B86-36C46AA7D35F} = {382055ED-7CA2-4275-B474-B75C146F3099}
		{364817B1-0E2B-45C7-9DDE-5E352D9FEB80} = {9124072A-FBC5-489A-9B86-36C46AA7D35F}
		{9B7DEFD4-466B-4E28-9CC9-1C6B5E95F129} = {382055ED-7CA2-4275-B474-B75C146F3099}
		{C3F7F969-9AB0-4F79-90B8-02A261504900} = {9B7DEFD4-466B-4E28-9CC9-1C6B5E95F129}
		{E575DA3E-BCB1-4BF4-8568-FE6959FA812A} = {70760166-FE1D-49AA-89C1-C297AC63D4FF}
		{097640ED-11C9-4DDA-BDB8-555C26967C91} = {E575DA3E-BCB1-4BF4-8568-FE6959FA812A}
		{A5996D87-03B9-4E99-9C73-16E6DC6B4F03} = {2561245E-D880-48EF-ACEF-977B624F6D95}
		{B398E4F7-D2CC-46C6-888D-015DA506523B} = {323A440A-A37B-44E8-8394-CB58F6366280}
		{B52601B3-330B-40A2-BE7A-69BF85F5C12B} = {9E8715C9-C6E3-4622-8432-7428CECA596D}
		{A8D6F611-B9C3-4C58-9012-931C9EB0BFCE} = {382055ED-7CA2-4275-B474-B75C146F3099}
		{914FF692-CF87-4DCB-9AA3-55B8D4A346C7} = {A8D6F611-B9C3-4C58-9012-931C9EB0BFCE}
	EndGlobalSection
	GlobalSection(ExtensibilityGlobals) = postSolution
		SolutionGuid = {CD5A63E8-A7FA-42E9-A75E-5F279699E9A7}
	EndGlobalSection
EndGlobal
